
Microsoft Visual Studio Solution File, Format Version 12.00
# Visual Studio 15
VisualStudioVersion = 15.0.28307.539
MinimumVisualStudioVersion = 10.0.40219.1
Project("{8BC9CEB8-8B4A-11D0-8D11-00A0C91BC942}") = "char_array", "char_array\char_array.vcxproj", "{058AC5C3-9119-4AAD-B248-EC1EC53DBDCF}"
EndProject
Global
	GlobalSection(SolutionConfigurationPlatforms) = preSolution
		Debug|x64 = Debug|x64
		Debug|x86 = Debug|x86
		Release|x64 = Release|x64
		Release|x86 = Release|x86
	EndGlobalSection
	GlobalSection(ProjectConfigurationPlatforms) = postSolution
		{058AC5C3-9119-4AAD-B248-EC1EC53DBDCF}.Debug|x64.ActiveCfg = Debug|x64
		{058AC5C3-9119-4AAD-B248-EC1EC53DBDCF}.Debug|x64.Build.0 = Debug|x64
		{058AC5C3-9119-4AAD-B248-EC1EC53DBDCF}.Debug|x86.ActiveCfg = Debug|Win32
		{058AC5C3-9119-4AAD-B248-EC1EC53DBDCF}.Debug|x86.Build.0 = Debug|Win32
		{058AC5C3-9119-4AAD-B248-EC1EC53DBDCF}.Release|x64.ActiveCfg = Release|x64
		{058AC5C3-9119-4AAD-B248-EC1EC53DBDCF}.Release|x64.Build.0 = Release|x64
		{058AC5C3-9119-4AAD-B248-EC1EC53DBDCF}.Release|x86.ActiveCfg = Release|Win32
		{058AC5C3-9119-4AAD-B248-EC1EC53DBDCF}.Release|x86.Build.0 = Release|Win32
	EndGlobalSection
	GlobalSection(SolutionProperties) = preSolution
		HideSolutionNode = FALSE
	EndGlobalSection
	GlobalSection(ExtensibilityGlobals) = postSolution
		SolutionGuid = {6E7DB323-36A3-49F7-B53F-96F01BEEAD88}
	EndGlobalSection
EndGlobal
