
Microsoft Visual Studio Solution File, Format Version 12.00
# Visual Studio 15
VisualStudioVersion = 15.0.28307.539
MinimumVisualStudioVersion = 10.0.40219.1
Project("{8BC9CEB8-8B4A-11D0-8D11-00A0C91BC942}") = "switch", "switch\switch.vcxproj", "{ACF3EF2D-709E-40BF-8FB9-A88C9C56E2B4}"
EndProject
Global
	GlobalSection(SolutionConfigurationPlatforms) = preSolution
		Debug|x64 = Debug|x64
		Debug|x86 = Debug|x86
		Release|x64 = Release|x64
		Release|x86 = Release|x86
	EndGlobalSection
	GlobalSection(ProjectConfigurationPlatforms) = postSolution
		{ACF3EF2D-709E-40BF-8FB9-A88C9C56E2B4}.Debug|x64.ActiveCfg = Debug|x64
		{ACF3EF2D-709E-40BF-8FB9-A88C9C56E2B4}.Debug|x64.Build.0 = Debug|x64
		{ACF3EF2D-709E-40BF-8FB9-A88C9C56E2B4}.Debug|x86.ActiveCfg = Debug|Win32
		{ACF3EF2D-709E-40BF-8FB9-A88C9C56E2B4}.Debug|x86.Build.0 = Debug|Win32
		{ACF3EF2D-709E-40BF-8FB9-A88C9C56E2B4}.Release|x64.ActiveCfg = Release|x64
		{ACF3EF2D-709E-40BF-8FB9-A88C9C56E2B4}.Release|x64.Build.0 = Release|x64
		{ACF3EF2D-709E-40BF-8FB9-A88C9C56E2B4}.Release|x86.ActiveCfg = Release|Win32
		{ACF3EF2D-709E-40BF-8FB9-A88C9C56E2B4}.Release|x86.Build.0 = Release|Win32
	EndGlobalSection
	GlobalSection(SolutionProperties) = preSolution
		HideSolutionNode = FALSE
	EndGlobalSection
	GlobalSection(ExtensibilityGlobals) = postSolution
		SolutionGuid = {C92EA17B-C8EA-4F53-BA53-C9C09B31F1A9}
	EndGlobalSection
EndGlobal
